
Microsoft Visual Studio Solution File, Format Version 12.00
# Visual Studio Version 17
VisualStudioVersion = 17.13.35825.156
MinimumVisualStudioVersion = 10.0.40219.1
Project("{2150E333-8FDC-42A3-9474-1A3956D46DE8}") = "src", "src", "{827E0CD3-B72D-47B6-A68D-7590B98EB39B}"
EndProject
Project("{FAE04EC0-301F-11D3-BF4B-00C04F79EFBC}") = "BankApp.Client", "src\BankApp.Client\BankApp.Client.csproj", "{EF9F40BE-591C-4556-84C5-29BDC3AEB6E0}"
EndProject
Project("{FAE04EC0-301F-11D3-BF4B-00C04F79EFBC}") = "BankApp.Core", "src\BankApp.Core\BankApp.Core.csproj", "{12041D06-3E66-4C5E-8792-02ED8587BAD4}"
EndProject
Project("{FAE04EC0-301F-11D3-BF4B-00C04F79EFBC}") = "BankApp.Infrastructure", "src\BankApp.Infrastructure\BankApp.Infrastructure.csproj", "{4E103A5F-3E27-4606-A379-078A01C4FD30}"
EndProject
Project("{FAE04EC0-301F-11D3-BF4B-00C04F79EFBC}") = "BankApp.Server", "src\BankApp.Server\BankApp.Server.csproj", "{6BF8AD62-44C7-48F9-BF5E-B22C308D61D7}"
EndProject
Project("{2150E333-8FDC-42A3-9474-1A3956D46DE8}") = "tests", "tests", "{0AB3BF05-4346-4AA6-1389-037BE0695223}"
EndProject
Project("{FAE04EC0-301F-11D3-BF4B-00C04F79EFBC}") = "BankApp.Client.Tests", "tests\BankApp.Client.Tests\BankApp.Client.Tests.csproj", "{A8A90693-B1F8-4310-9441-F1685AE4B657}"
EndProject
Project("{FAE04EC0-301F-11D3-BF4B-00C04F79EFBC}") = "BankApp.Core.Tests", "tests\BankApp.Core.Tests\BankApp.Core.Tests.csproj", "{B6778401-13A8-4E5C-B9F9-BC4E1F5F14A7}"
EndProject
Project("{FAE04EC0-301F-11D3-BF4B-00C04F79EFBC}") = "BankApp.Infrastructure.Tests", "tests\BankApp.Infrastructure.Tests\BankApp.Infrastructure.Tests.csproj", "{389A4948-24DC-4854-95AD-DFE95F8A4F75}"
EndProject
Project("{FAE04EC0-301F-11D3-BF4B-00C04F79EFBC}") = "BankApp.Server.Tests", "tests\BankApp.Server.Tests\BankApp.Server.Tests.csproj", "{EE566AB8-B9E0-4036-B733-800A3BD510A7}"
EndProject
Global
	GlobalSection(SolutionConfigurationPlatforms) = preSolution
		Debug|Any CPU = Debug|Any CPU
		Debug|x64 = Debug|x64
		Debug|x86 = Debug|x86
		Release|Any CPU = Release|Any CPU
		Release|x64 = Release|x64
		Release|x86 = Release|x86
	EndGlobalSection
	GlobalSection(ProjectConfigurationPlatforms) = postSolution
		{EF9F40BE-591C-4556-84C5-29BDC3AEB6E0}.Debug|Any CPU.ActiveCfg = Debug|x64
		{EF9F40BE-591C-4556-84C5-29BDC3AEB6E0}.Debug|Any CPU.Build.0 = Debug|x64
		{EF9F40BE-591C-4556-84C5-29BDC3AEB6E0}.Debug|x64.ActiveCfg = Debug|x64
		{EF9F40BE-591C-4556-84C5-29BDC3AEB6E0}.Debug|x64.Build.0 = Debug|x64
		{EF9F40BE-591C-4556-84C5-29BDC3AEB6E0}.Debug|x86.ActiveCfg = Debug|x86
		{EF9F40BE-591C-4556-84C5-29BDC3AEB6E0}.Debug|x86.Build.0 = Debug|x86
		{EF9F40BE-591C-4556-84C5-29BDC3AEB6E0}.Release|Any CPU.ActiveCfg = Release|x64
		{EF9F40BE-591C-4556-84C5-29BDC3AEB6E0}.Release|Any CPU.Build.0 = Release|x64
		{EF9F40BE-591C-4556-84C5-29BDC3AEB6E0}.Release|x64.ActiveCfg = Release|x64
		{EF9F40BE-591C-4556-84C5-29BDC3AEB6E0}.Release|x64.Build.0 = Release|x64
		{EF9F40BE-591C-4556-84C5-29BDC3AEB6E0}.Release|x86.ActiveCfg = Release|x86
		{EF9F40BE-591C-4556-84C5-29BDC3AEB6E0}.Release|x86.Build.0 = Release|x86
		{12041D06-3E66-4C5E-8792-02ED8587BAD4}.Debug|Any CPU.ActiveCfg = Debug|Any CPU
		{12041D06-3E66-4C5E-8792-02ED8587BAD4}.Debug|Any CPU.Build.0 = Debug|Any CPU
		{12041D06-3E66-4C5E-8792-02ED8587BAD4}.Debug|x64.ActiveCfg = Debug|Any CPU
		{12041D06-3E66-4C5E-8792-02ED8587BAD4}.Debug|x64.Build.0 = Debug|Any CPU
		{12041D06-3E66-4C5E-8792-02ED8587BAD4}.Debug|x86.ActiveCfg = Debug|Any CPU
		{12041D06-3E66-4C5E-8792-02ED8587BAD4}.Debug|x86.Build.0 = Debug|Any CPU
		{12041D06-3E66-4C5E-8792-02ED8587BAD4}.Release|Any CPU.ActiveCfg = Release|Any CPU
		{12041D06-3E66-4C5E-8792-02ED8587BAD4}.Release|Any CPU.Build.0 = Release|Any CPU
		{12041D06-3E66-4C5E-8792-02ED8587BAD4}.Release|x64.ActiveCfg = Release|Any CPU
		{12041D06-3E66-4C5E-8792-02ED8587BAD4}.Release|x64.Build.0 = Release|Any CPU
		{12041D06-3E66-4C5E-8792-02ED8587BAD4}.Release|x86.ActiveCfg = Release|Any CPU
		{12041D06-3E66-4C5E-8792-02ED8587BAD4}.Release|x86.Build.0 = Release|Any CPU
		{4E103A5F-3E27-4606-A379-078A01C4FD30}.Debug|Any CPU.ActiveCfg = Debug|Any CPU
		{4E103A5F-3E27-4606-A379-078A01C4FD30}.Debug|Any CPU.Build.0 = Debug|Any CPU
		{4E103A5F-3E27-4606-A379-078A01C4FD30}.Debug|x64.ActiveCfg = Debug|Any CPU
		{4E103A5F-3E27-4606-A379-078A01C4FD30}.Debug|x64.Build.0 = Debug|Any CPU
		{4E103A5F-3E27-4606-A379-078A01C4FD30}.Debug|x86.ActiveCfg = Debug|Any CPU
		{4E103A5F-3E27-4606-A379-078A01C4FD30}.Debug|x86.Build.0 = Debug|Any CPU
		{4E103A5F-3E27-4606-A379-078A01C4FD30}.Release|Any CPU.ActiveCfg = Release|Any CPU
		{4E103A5F-3E27-4606-A379-078A01C4FD30}.Release|Any CPU.Build.0 = Release|Any CPU
		{4E103A5F-3E27-4606-A379-078A01C4FD30}.Release|x64.ActiveCfg = Release|Any CPU
		{4E103A5F-3E27-4606-A379-078A01C4FD30}.Release|x64.Build.0 = Release|Any CPU
		{4E103A5F-3E27-4606-A379-078A01C4FD30}.Release|x86.ActiveCfg = Release|Any CPU
		{4E103A5F-3E27-4606-A379-078A01C4FD30}.Release|x86.Build.0 = Release|Any CPU
		{6BF8AD62-44C7-48F9-BF5E-B22C308D61D7}.Debug|Any CPU.ActiveCfg = Debug|Any CPU
		{6BF8AD62-44C7-48F9-BF5E-B22C308D61D7}.Debug|Any CPU.Build.0 = Debug|Any CPU
		{6BF8AD62-44C7-48F9-BF5E-B22C308D61D7}.Debug|x64.ActiveCfg = Debug|Any CPU
		{6BF8AD62-44C7-48F9-BF5E-B22C308D61D7}.Debug|x64.Build.0 = Debug|Any CPU
		{6BF8AD62-44C7-48F9-BF5E-B22C308D61D7}.Debug|x86.ActiveCfg = Debug|Any CPU
		{6BF8AD62-44C7-48F9-BF5E-B22C308D61D7}.Debug|x86.Build.0 = Debug|Any CPU
		{6BF8AD62-44C7-48F9-BF5E-B22C308D61D7}.Release|Any CPU.ActiveCfg = Release|Any CPU
		{6BF8AD62-44C7-48F9-BF5E-B22C308D61D7}.Release|Any CPU.Build.0 = Release|Any CPU
		{6BF8AD62-44C7-48F9-BF5E-B22C308D61D7}.Release|x64.ActiveCfg = Release|Any CPU
		{6BF8AD62-44C7-48F9-BF5E-B22C308D61D7}.Release|x64.Build.0 = Release|Any CPU
		{6BF8AD62-44C7-48F9-BF5E-B22C308D61D7}.Release|x86.ActiveCfg = Release|Any CPU
		{6BF8AD62-44C7-48F9-BF5E-B22C308D61D7}.Release|x86.Build.0 = Release|Any CPU
		{A8A90693-B1F8-4310-9441-F1685AE4B657}.Debug|Any CPU.ActiveCfg = Debug|Any CPU
		{A8A90693-B1F8-4310-9441-F1685AE4B657}.Debug|Any CPU.Build.0 = Debug|Any CPU
		{A8A90693-B1F8-4310-9441-F1685AE4B657}.Debug|x64.ActiveCfg = Debug|Any CPU
		{A8A90693-B1F8-4310-9441-F1685AE4B657}.Debug|x64.Build.0 = Debug|Any CPU
		{A8A90693-B1F8-4310-9441-F1685AE4B657}.Debug|x86.ActiveCfg = Debug|Any CPU
		{A8A90693-B1F8-4310-9441-F1685AE4B657}.Debug|x86.Build.0 = Debug|Any CPU
		{A8A90693-B1F8-4310-9441-F1685AE4B657}.Release|Any CPU.ActiveCfg = Release|Any CPU
		{A8A90693-B1F8-4310-9441-F1685AE4B657}.Release|Any CPU.Build.0 = Release|Any CPU
		{A8A90693-B1F8-4310-9441-F1685AE4B657}.Release|x64.ActiveCfg = Release|Any CPU
		{A8A90693-B1F8-4310-9441-F1685AE4B657}.Release|x64.Build.0 = Release|Any CPU
		{A8A90693-B1F8-4310-9441-F1685AE4B657}.Release|x86.ActiveCfg = Release|Any CPU
		{A8A90693-B1F8-4310-9441-F1685AE4B657}.Release|x86.Build.0 = Release|Any CPU
		{B6778401-13A8-4E5C-B9F9-BC4E1F5F14A7}.Debug|Any CPU.ActiveCfg = Debug|Any CPU
		{B6778401-13A8-4E5C-B9F9-BC4E1F5F14A7}.Debug|Any CPU.Build.0 = Debug|Any CPU
		{B6778401-13A8-4E5C-B9F9-BC4E1F5F14A7}.Debug|x64.ActiveCfg = Debug|Any CPU
		{B6778401-13A8-4E5C-B9F9-BC4E1F5F14A7}.Debug|x64.Build.0 = Debug|Any CPU
		{B6778401-13A8-4E5C-B9F9-BC4E1F5F14A7}.Debug|x86.ActiveCfg = Debug|Any CPU
		{B6778401-13A8-4E5C-B9F9-BC4E1F5F14A7}.Debug|x86.Build.0 = Debug|Any CPU
		{B6778401-13A8-4E5C-B9F9-BC4E1F5F14A7}.Release|Any CPU.ActiveCfg = Release|Any CPU
		{B6778401-13A8-4E5C-B9F9-BC4E1F5F14A7}.Release|Any CPU.Build.0 = Release|Any CPU
		{B6778401-13A8-4E5C-B9F9-BC4E1F5F14A7}.Release|x64.ActiveCfg = Release|Any CPU
		{B6778401-13A8-4E5C-B9F9-BC4E1F5F14A7}.Release|x64.Build.0 = Release|Any CPU
		{B6778401-13A8-4E5C-B9F9-BC4E1F5F14A7}.Release|x86.ActiveCfg = Release|Any CPU
		{B6778401-13A8-4E5C-B9F9-BC4E1F5F14A7}.Release|x86.Build.0 = Release|Any CPU
		{389A4948-24DC-4854-95AD-DFE95F8A4F75}.Debug|Any CPU.ActiveCfg = Debug|Any CPU
		{389A4948-24DC-4854-95AD-DFE95F8A4F75}.Debug|Any CPU.Build.0 = Debug|Any CPU
		{389A4948-24DC-4854-95AD-DFE95F8A4F75}.Debug|x64.ActiveCfg = Debug|Any CPU
		{389A4948-24DC-4854-95AD-DFE95F8A4F75}.Debug|x64.Build.0 = Debug|Any CPU
		{389A4948-24DC-4854-95AD-DFE95F8A4F75}.Debug|x86.ActiveCfg = Debug|Any CPU
		{389A4948-24DC-4854-95AD-DFE95F8A4F75}.Debug|x86.Build.0 = Debug|Any CPU
		{389A4948-24DC-4854-95AD-DFE95F8A4F75}.Release|Any CPU.ActiveCfg = Release|Any CPU
		{389A4948-24DC-4854-95AD-DFE95F8A4F75}.Release|Any CPU.Build.0 = Release|Any CPU
		{389A4948-24DC-4854-95AD-DFE95F8A4F75}.Release|x64.ActiveCfg = Release|Any CPU
		{389A4948-24DC-4854-95AD-DFE95F8A4F75}.Release|x64.Build.0 = Release|Any CPU
		{389A4948-24DC-4854-95AD-DFE95F8A4F75}.Release|x86.ActiveCfg = Release|Any CPU
		{389A4948-24DC-4854-95AD-DFE95F8A4F75}.Release|x86.Build.0 = Release|Any CPU
		{EE566AB8-B9E0-4036-B733-800A3BD510A7}.Debug|Any CPU.ActiveCfg = Debug|Any CPU
		{EE566AB8-B9E0-4036-B733-800A3BD510A7}.Debug|Any CPU.Build.0 = Debug|Any CPU
		{EE566AB8-B9E0-4036-B733-800A3BD510A7}.Debug|x64.ActiveCfg = Debug|Any CPU
		{EE566AB8-B9E0-4036-B733-800A3BD510A7}.Debug|x64.Build.0 = Debug|Any CPU
		{EE566AB8-B9E0-4036-B733-800A3BD510A7}.Debug|x86.ActiveCfg = Debug|Any CPU
		{EE566AB8-B9E0-4036-B733-800A3BD510A7}.Debug|x86.Build.0 = Debug|Any CPU
		{EE566AB8-B9E0-4036-B733-800A3BD510A7}.Release|Any CPU.ActiveCfg = Release|Any CPU
		{EE566AB8-B9E0-4036-B733-800A3BD510A7}.Release|Any CPU.Build.0 = Release|Any CPU
		{EE566AB8-B9E0-4036-B733-800A3BD510A7}.Release|x64.ActiveCfg = Release|Any CPU
		{EE566AB8-B9E0-4036-B733-800A3BD510A7}.Release|x64.Build.0 = Release|Any CPU
		{EE566AB8-B9E0-4036-B733-800A3BD510A7}.Release|x86.ActiveCfg = Release|Any CPU
		{EE566AB8-B9E0-4036-B733-800A3BD510A7}.Release|x86.Build.0 = Release|Any CPU
	EndGlobalSection
	GlobalSection(SolutionProperties) = preSolution
		HideSolutionNode = FALSE
	EndGlobalSection
	GlobalSection(NestedProjects) = preSolution
		{EF9F40BE-591C-4556-84C5-29BDC3AEB6E0} = {827E0CD3-B72D-47B6-A68D-7590B98EB39B}
		{12041D06-3E66-4C5E-8792-02ED8587BAD4} = {827E0CD3-B72D-47B6-A68D-7590B98EB39B}
		{4E103A5F-3E27-4606-A379-078A01C4FD30} = {827E0CD3-B72D-47B6-A68D-7590B98EB39B}
		{6BF8AD62-44C7-48F9-BF5E-B22C308D61D7} = {827E0CD3-B72D-47B6-A68D-7590B98EB39B}
		{A8A90693-B1F8-4310-9441-F1685AE4B657} = {0AB3BF05-4346-4AA6-1389-037BE0695223}
		{B6778401-13A8-4E5C-B9F9-BC4E1F5F14A7} = {0AB3BF05-4346-4AA6-1389-037BE0695223}
		{389A4948-24DC-4854-95AD-DFE95F8A4F75} = {0AB3BF05-4346-4AA6-1389-037BE0695223}
		{EE566AB8-B9E0-4036-B733-800A3BD510A7} = {0AB3BF05-4346-4AA6-1389-037BE0695223}
	EndGlobalSection
	GlobalSection(ExtensibilityGlobals) = postSolution
		SolutionGuid = {E41382B2-50FB-4BEF-84CF-67411C3E50EC}
	EndGlobalSection
EndGlobal
